{
  "name": "twitch-irc-benches",
  "version": "1.0.0",
  "lockfileVersion": 2,
  "requires": true,
  "packages": {
    "": {
      "name": "twitch-irc-benches",
      "version": "1.0.0",
      "license": "ISC",
      "dependencies": {
        "@jprochazk/twitch_irc": "^0.11.2",
        "@kararty/dank-twitch-irc": "^6.0.0",
        "benchmark": "^2.1.4",
        "irc-message": "^3.0.1"
      }
    },
    "node_modules/@deno/shim-crypto": {
      "version": "0.3.1",
      "resolved": "https://registry.npmjs.org/@deno/shim-crypto/-/shim-crypto-0.3.1.tgz",
      "integrity": "sha512-ed4pNnfur6UbASEgF34gVxR9p7Mc3qF+Ygbmjiil8ws5IhNFhPDFy5vE5hQAUA9JmVsSxXPcVLM5Rf8LOZqQ5Q=="
    },
    "node_modules/@deno/shim-deno": {
      "version": "0.12.0",
      "resolved": "https://registry.npmjs.org/@deno/shim-deno/-/shim-deno-0.12.0.tgz",
      "integrity": "sha512-nD/Izdp4RfU35rip2Jx4lP1WOWY8qAvGLpB3wvjlwgut237/RS4PwhLdmYnxDBXdsjjWMx8sDxmdHWs35GF3yA==",
      "dependencies": {
        "@deno/shim-deno-test": "^0.4.0",
        "which": "^2.0.2"
      }
    },
    "node_modules/@deno/shim-deno-test": {
      "version": "0.4.0",
      "resolved": "https://registry.npmjs.org/@deno/shim-deno-test/-/shim-deno-test-0.4.0.tgz",
      "integrity": "sha512-oYWcD7CpERZy/TXMTM9Tgh1HD/POHlbY9WpzmAk+5H8DohcxG415Qws8yLGlim3EaKBT2v3lJv01x4G0BosnaQ=="
    },
    "node_modules/@jprochazk/twitch_irc": {
      "version": "0.11.2",
      "resolved": "https://registry.npmjs.org/@jprochazk/twitch_irc/-/twitch_irc-0.11.2.tgz",
      "integrity": "sha512-0SkOc2HO9X/7di53nen4G3FEPh8fRjDZmpQyvGJ5Pktrk2ucJ2xEM/LbSmsmHMiMqB3syDtMRcvPDbttC9NmnA==",
      "dependencies": {
        "@deno/shim-crypto": "~0.3.1",
        "@deno/shim-deno": "~0.12.0",
        "ws": "^8.12.0"
      }
    },
    "node_modules/@jprochazk/twitch_irc/node_modules/ws": {
      "version": "8.13.0",
      "resolved": "https://registry.npmjs.org/ws/-/ws-8.13.0.tgz",
      "integrity": "sha512-x9vcZYTrFPC7aSIbj7sRCYo7L/Xb8Iy+pW0ng0wt2vCJv7M9HOMy0UoN3rr+IFC7hb7vXoqS+P9ktyLLLhO+LA==",
      "engines": {
        "node": ">=10.0.0"
      },
      "peerDependencies": {
        "bufferutil": "^4.0.1",
        "utf-8-validate": ">=5.0.2"
      },
      "peerDependenciesMeta": {
        "bufferutil": {
          "optional": true
        },
        "utf-8-validate": {
          "optional": true
        }
      }
    },
    "node_modules/@kararty/dank-twitch-irc": {
      "version": "6.0.0",
      "resolved": "https://registry.npmjs.org/@kararty/dank-twitch-irc/-/dank-twitch-irc-6.0.0.tgz",
      "integrity": "sha512-sOsJzATZWnLxM3OX1dgkCqyVN4/lyOgJQ/e2E/9DsrxiIPwV6fX1eG5QsjOpkuyEYx3L4UkGvIPI1V7idkrQug==",
      "dependencies": {
        "debug-logger": "^0.4.1",
        "duplexify": "^4.1.2",
        "eventemitter3": "^4.0.7",
        "lodash.camelcase": "^4.3.0",
        "lodash.pickby": "^4.6.0",
        "make-error-cause": "^2.3.0",
        "ms": "^2.1.3",
        "randombytes": "^2.1.0",
        "semaphore-async-await": "^1.5.1",
        "simple-websocket": "^9.1.0",
        "split2": "^4.1.0"
      }
    },
    "node_modules/benchmark": {
      "version": "2.1.4",
      "resolved": "https://registry.npmjs.org/benchmark/-/benchmark-2.1.4.tgz",
      "integrity": "sha512-l9MlfN4M1K/H2fbhfMy3B7vJd6AGKJVQn2h6Sg/Yx+KckoUA7ewS5Vv6TjSq18ooE1kS9hhAlQRH3AkXIh/aOQ==",
      "dependencies": {
        "lodash": "^4.17.4",
        "platform": "^1.3.3"
      }
    },
    "node_modules/core-util-is": {
      "version": "1.0.3",
      "resolved": "https://registry.npmjs.org/core-util-is/-/core-util-is-1.0.3.tgz",
      "integrity": "sha512-ZQBvi1DcpJ4GDqanjucZ2Hj3wEO5pZDS89BWbkcrvdxksJorwUDDZamX9ldFkp9aw2lmBDLgkObEA4DWNJ9FYQ=="
    },
    "node_modules/debug": {
      "version": "2.6.9",
      "resolved": "https://registry.npmjs.org/debug/-/debug-2.6.9.tgz",
      "integrity": "sha512-bC7ElrdJaJnPbAP+1EotYvqZsb3ecl5wi6Bfi6BJTUcNowp6cvspg0jXznRTKDjm/E7AdgFBVeAPVMNcKGsHMA==",
      "dependencies": {
        "ms": "2.0.0"
      }
    },
    "node_modules/debug-logger": {
      "version": "0.4.1",
      "resolved": "https://registry.npmjs.org/debug-logger/-/debug-logger-0.4.1.tgz",
      "integrity": "sha512-bLX6pxuWO6KMXBRk6vpLgHqWXiuLbKp8kLL/wNEA4rgU8wsNLaw3UNz0NfOi1bcN0JwjFwSfxhldzU5Bc6P5RQ==",
      "dependencies": {
        "debug": "^2.1.0"
      }
    },
    "node_modules/debug/node_modules/ms": {
      "version": "2.0.0",
      "resolved": "https://registry.npmjs.org/ms/-/ms-2.0.0.tgz",
      "integrity": "sha512-Tpp60P6IUJDTuOq/5Z8cdskzJujfwqfOTkrwIwj7IRISpnkJnT6SyJ4PCPnGMoFjC9ddhal5KVIYtAt97ix05A=="
    },
    "node_modules/duplexify": {
      "version": "4.1.2",
      "resolved": "https://registry.npmjs.org/duplexify/-/duplexify-4.1.2.tgz",
      "integrity": "sha512-fz3OjcNCHmRP12MJoZMPglx8m4rrFP8rovnk4vT8Fs+aonZoCwGg10dSsQsfP/E62eZcPTMSMP6686fu9Qlqtw==",
      "dependencies": {
        "end-of-stream": "^1.4.1",
        "inherits": "^2.0.3",
        "readable-stream": "^3.1.1",
        "stream-shift": "^1.0.0"
      }
    },
    "node_modules/end-of-stream": {
      "version": "1.4.4",
      "resolved": "https://registry.npmjs.org/end-of-stream/-/end-of-stream-1.4.4.tgz",
      "integrity": "sha512-+uw1inIHVPQoaVuHzRyXd21icM+cnt4CzD5rW+NC1wjOUSTOs+Te7FOv7AhN7vS9x/oIyhLP5PR1H+phQAHu5Q==",
      "dependencies": {
        "once": "^1.4.0"
      }
    },
    "node_modules/eventemitter3": {
      "version": "4.0.7",
      "resolved": "https://registry.npmjs.org/eventemitter3/-/eventemitter3-4.0.7.tgz",
      "integrity": "sha512-8guHBZCwKnFhYdHr2ysuRWErTwhoN2X8XELRlrRwpmfeY2jjuUN4taQMsULKUVo1K4DvZl+0pgfyoysHxvmvEw=="
    },
    "node_modules/inherits": {
      "version": "2.0.4",
      "resolved": "https://registry.npmjs.org/inherits/-/inherits-2.0.4.tgz",
      "integrity": "sha512-k/vGaX4/Yla3WzyMCvTQOXYeIHvqOKtnqBduzTHpzpQZzAskKMhZ2K+EnBiSM9zGSoIFeMpXKxa4dYeZIQqewQ=="
    },
    "node_modules/irc-message": {
      "version": "3.0.2",
      "resolved": "https://registry.npmjs.org/irc-message/-/irc-message-3.0.2.tgz",
      "integrity": "sha512-kehPo7IjeVdXLnYOOHZrysRVGoACDhjby6tY7n6od8ULjAJ4Jzd/WbDpq79ISiJa0S2lZ5eGdkJfS0JH61BRtA==",
      "dependencies": {
        "irc-prefix-parser": "^1.0.1",
        "iso8601-convert": "^1.0.0",
        "through2": "^0.6.3"
      }
    },
    "node_modules/irc-prefix-parser": {
      "version": "1.0.1",
      "resolved": "https://registry.npmjs.org/irc-prefix-parser/-/irc-prefix-parser-1.0.1.tgz",
      "integrity": "sha512-/mOO9bRzhb4NkPaPkJMcl/SH/Qmj0f0zO5b65cP/VZ78rIQlO823lyL031l7EQNGV5CnnEcIL9K3QY0ztLA71g=="
    },
    "node_modules/isarray": {
      "version": "0.0.1",
      "resolved": "https://registry.npmjs.org/isarray/-/isarray-0.0.1.tgz",
      "integrity": "sha512-D2S+3GLxWH+uhrNEcoh/fnmYeP8E8/zHl644d/jdA0g2uyXvy3sb0qxotE+ne0LtccHknQzWwZEzhak7oJ0COQ=="
    },
    "node_modules/isexe": {
      "version": "2.0.0",
      "resolved": "https://registry.npmjs.org/isexe/-/isexe-2.0.0.tgz",
      "integrity": "sha512-RHxMLp9lnKHGHRng9QFhRCMbYAcVpn69smSGcq3f36xjgVVWThj4qqLbTLlq7Ssj8B+fIQ1EuCEGI2lKsyQeIw=="
    },
    "node_modules/iso8601-convert": {
      "version": "1.0.0",
      "resolved": "https://registry.npmjs.org/iso8601-convert/-/iso8601-convert-1.0.0.tgz",
      "integrity": "sha512-HqX6JniFkdMb6dIbtdy88TYGpfke8xwpMh+5SrauTB7ikUjvvoTZiyRMOHLL4KVKwIktLY1cdWTWoeZIa8qAcg=="
    },
    "node_modules/lodash": {
      "version": "4.17.21",
      "resolved": "https://registry.npmjs.org/lodash/-/lodash-4.17.21.tgz",
      "integrity": "sha512-v2kDEe57lecTulaDIuNTPy3Ry4gLGJ6Z1O3vE1krgXZNrsQ+LFTGHVxVjcXPs17LhbZVGedAJv8XZ1tvj5FvSg=="
    },
    "node_modules/lodash.camelcase": {
      "version": "4.3.0",
      "resolved": "https://registry.npmjs.org/lodash.camelcase/-/lodash.camelcase-4.3.0.tgz",
      "integrity": "sha512-TwuEnCnxbc3rAvhf/LbG7tJUDzhqXyFnv3dtzLOPgCG/hODL7WFnsbwktkD7yUV0RrreP/l1PALq/YSg6VvjlA=="
    },
    "node_modules/lodash.pickby": {
      "version": "4.6.0",
      "resolved": "https://registry.npmjs.org/lodash.pickby/-/lodash.pickby-4.6.0.tgz",
      "integrity": "sha512-AZV+GsS/6ckvPOVQPXSiFFacKvKB4kOQu6ynt9wz0F3LO4R9Ij4K1ddYsIytDpSgLz88JHd9P+oaLeej5/Sl7Q=="
    },
    "node_modules/make-error": {
      "version": "1.3.6",
      "resolved": "https://registry.npmjs.org/make-error/-/make-error-1.3.6.tgz",
      "integrity": "sha512-s8UhlNe7vPKomQhC1qFelMokr/Sc3AgNbso3n74mVPA5LTZwkB9NlXf4XPamLxJE8h0gh73rM94xvwRT2CVInw=="
    },
    "node_modules/make-error-cause": {
      "version": "2.3.0",
      "resolved": "https://registry.npmjs.org/make-error-cause/-/make-error-cause-2.3.0.tgz",
      "integrity": "sha512-etgt+n4LlOkGSJbBTV9VROHA5R7ekIPS4vfh+bCAoJgRrJWdqJCBbpS3osRJ/HrT7R68MzMiY3L3sDJ/Fd8aBg==",
      "dependencies": {
        "make-error": "^1.3.5"
      }
    },
    "node_modules/ms": {
      "version": "2.1.3",
      "resolved": "https://registry.npmjs.org/ms/-/ms-2.1.3.tgz",
      "integrity": "sha512-6FlzubTLZG3J2a/NVCAleEhjzq5oxgHyaCU9yYXvcLsvoVaHJq/s5xXI6/XXP6tz7R9xAOtHnSO/tXtF3WRTlA=="
    },
    "node_modules/once": {
      "version": "1.4.0",
      "resolved": "https://registry.npmjs.org/once/-/once-1.4.0.tgz",
      "integrity": "sha512-lNaJgI+2Q5URQBkccEKHTQOPaXdUxnZZElQTZY0MFUAuaEqe1E+Nyvgdz/aIyNi6Z9MzO5dv1H8n58/GELp3+w==",
      "dependencies": {
        "wrappy": "1"
      }
    },
    "node_modules/platform": {
      "version": "1.3.6",
      "resolved": "https://registry.npmjs.org/platform/-/platform-1.3.6.tgz",
      "integrity": "sha512-fnWVljUchTro6RiCFvCXBbNhJc2NijN7oIQxbwsyL0buWJPG85v81ehlHI9fXrJsMNgTofEoWIQeClKpgxFLrg=="
    },
    "node_modules/queue-microtask": {
      "version": "1.2.3",
      "resolved": "https://registry.npmjs.org/queue-microtask/-/queue-microtask-1.2.3.tgz",
      "integrity": "sha512-NuaNSa6flKT5JaSYQzJok04JzTL1CA6aGhv5rfLW3PgqA+M2ChpZQnAC8h8i4ZFkBS8X5RqkDBHA7r4hej3K9A==",
      "funding": [
        {
          "type": "github",
          "url": "https://github.com/sponsors/feross"
        },
        {
          "type": "patreon",
          "url": "https://www.patreon.com/feross"
        },
        {
          "type": "consulting",
          "url": "https://feross.org/support"
        }
      ]
    },
    "node_modules/randombytes": {
      "version": "2.1.0",
      "resolved": "https://registry.npmjs.org/randombytes/-/randombytes-2.1.0.tgz",
      "integrity": "sha512-vYl3iOX+4CKUWuxGi9Ukhie6fsqXqS9FE2Zaic4tNFD2N2QQaXOMFbuKK4QmDHC0JO6B1Zp41J0LpT0oR68amQ==",
      "dependencies": {
        "safe-buffer": "^5.1.0"
      }
    },
    "node_modules/readable-stream": {
      "version": "3.6.2",
      "resolved": "https://registry.npmjs.org/readable-stream/-/readable-stream-3.6.2.tgz",
      "integrity": "sha512-9u/sniCrY3D5WdsERHzHE4G2YCXqoG5FTHUiCC4SIbr6XcLZBY05ya9EKjYek9O5xOAwjGq+1JdGBAS7Q9ScoA==",
      "dependencies": {
        "inherits": "^2.0.3",
        "string_decoder": "^1.1.1",
        "util-deprecate": "^1.0.1"
      },
      "engines": {
        "node": ">= 6"
      }
    },
    "node_modules/safe-buffer": {
      "version": "5.2.1",
      "resolved": "https://registry.npmjs.org/safe-buffer/-/safe-buffer-5.2.1.tgz",
      "integrity": "sha512-rp3So07KcdmmKbGvgaNxQSJr7bGVSVk5S9Eq1F+ppbRo70+YeaDxkw5Dd8NPN+GD6bjnYm2VuPuCXmpuYvmCXQ==",
      "funding": [
        {
          "type": "github",
          "url": "https://github.com/sponsors/feross"
        },
        {
          "type": "patreon",
          "url": "https://www.patreon.com/feross"
        },
        {
          "type": "consulting",
          "url": "https://feross.org/support"
        }
      ]
    },
    "node_modules/semaphore-async-await": {
      "version": "1.5.1",
      "resolved": "https://registry.npmjs.org/semaphore-async-await/-/semaphore-async-await-1.5.1.tgz",
      "integrity": "sha512-b/ptP11hETwYWpeilHXXQiV5UJNJl7ZWWooKRE5eBIYWoom6dZ0SluCIdCtKycsMtZgKWE01/qAw6jblw1YVhg==",
      "engines": {
        "node": ">=4.1"
      }
    },
    "node_modules/simple-websocket": {
      "version": "9.1.0",
      "resolved": "https://registry.npmjs.org/simple-websocket/-/simple-websocket-9.1.0.tgz",
      "integrity": "sha512-8MJPnjRN6A8UCp1I+H/dSFyjwJhp6wta4hsVRhjf8w9qBHRzxYt14RaOcjvQnhD1N4yKOddEjflwMnQM4VtXjQ==",
      "funding": [
        {
          "type": "github",
          "url": "https://github.com/sponsors/feross"
        },
        {
          "type": "patreon",
          "url": "https://www.patreon.com/feross"
        },
        {
          "type": "consulting",
          "url": "https://feross.org/support"
        }
      ],
      "dependencies": {
        "debug": "^4.3.1",
        "queue-microtask": "^1.2.2",
        "randombytes": "^2.1.0",
        "readable-stream": "^3.6.0",
        "ws": "^7.4.2"
      }
    },
    "node_modules/simple-websocket/node_modules/debug": {
      "version": "4.3.4",
      "resolved": "https://registry.npmjs.org/debug/-/debug-4.3.4.tgz",
      "integrity": "sha512-PRWFHuSU3eDtQJPvnNY7Jcket1j0t5OuOsFzPPzsekD52Zl8qUfFIPEiswXqIvHWGVHOgX+7G/vCNNhehwxfkQ==",
      "dependencies": {
        "ms": "2.1.2"
      },
      "engines": {
        "node": ">=6.0"
      },
      "peerDependenciesMeta": {
        "supports-color": {
          "optional": true
        }
      }
    },
    "node_modules/simple-websocket/node_modules/ms": {
      "version": "2.1.2",
      "resolved": "https://registry.npmjs.org/ms/-/ms-2.1.2.tgz",
      "integrity": "sha512-sGkPx+VjMtmA6MX27oA4FBFELFCZZ4S4XqeGOXCv68tT+jb3vk/RyaKWP0PTKyWtmLSM0b+adUTEvbs1PEaH2w=="
    },
    "node_modules/split2": {
      "version": "4.2.0",
      "resolved": "https://registry.npmjs.org/split2/-/split2-4.2.0.tgz",
      "integrity": "sha512-UcjcJOWknrNkF6PLX83qcHM6KHgVKNkV62Y8a5uYDVv9ydGQVwAHMKqHdJje1VTWpljG0WYpCDhrCdAOYH4TWg==",
      "engines": {
        "node": ">= 10.x"
      }
    },
    "node_modules/stream-shift": {
      "version": "1.0.1",
      "resolved": "https://registry.npmjs.org/stream-shift/-/stream-shift-1.0.1.tgz",
      "integrity": "sha512-AiisoFqQ0vbGcZgQPY1cdP2I76glaVA/RauYR4G4thNFgkTqr90yXTo4LYX60Jl+sIlPNHHdGSwo01AvbKUSVQ=="
    },
    "node_modules/string_decoder": {
      "version": "1.3.0",
      "resolved": "https://registry.npmjs.org/string_decoder/-/string_decoder-1.3.0.tgz",
      "integrity": "sha512-hkRX8U1WjJFd8LsDJ2yQ/wWWxaopEsABU1XfkM8A+j0+85JAGppt16cr1Whg6KIbb4okU6Mql6BOj+uup/wKeA==",
      "dependencies": {
        "safe-buffer": "~5.2.0"
      }
    },
    "node_modules/through2": {
      "version": "0.6.5",
      "resolved": "https://registry.npmjs.org/through2/-/through2-0.6.5.tgz",
      "integrity": "sha512-RkK/CCESdTKQZHdmKICijdKKsCRVHs5KsLZ6pACAmF/1GPUQhonHSXWNERctxEp7RmvjdNbZTL5z9V7nSCXKcg==",
      "dependencies": {
        "readable-stream": ">=1.0.33-1 <1.1.0-0",
        "xtend": ">=4.0.0 <4.1.0-0"
      }
    },
    "node_modules/through2/node_modules/readable-stream": {
      "version": "1.0.34",
      "resolved": "https://registry.npmjs.org/readable-stream/-/readable-stream-1.0.34.tgz",
      "integrity": "sha512-ok1qVCJuRkNmvebYikljxJA/UEsKwLl2nI1OmaqAu4/UE+h0wKCHok4XkL/gvi39OacXvw59RJUOFUkDib2rHg==",
      "dependencies": {
        "core-util-is": "~1.0.0",
        "inherits": "~2.0.1",
        "isarray": "0.0.1",
        "string_decoder": "~0.10.x"
      }
    },
    "node_modules/through2/node_modules/string_decoder": {
      "version": "0.10.31",
      "resolved": "https://registry.npmjs.org/string_decoder/-/string_decoder-0.10.31.tgz",
      "integrity": "sha512-ev2QzSzWPYmy9GuqfIVildA4OdcGLeFZQrq5ys6RtiuF+RQQiZWr8TZNyAcuVXyQRYfEO+MsoB/1BuQVhOJuoQ=="
    },
    "node_modules/util-deprecate": {
      "version": "1.0.2",
      "resolved": "https://registry.npmjs.org/util-deprecate/-/util-deprecate-1.0.2.tgz",
      "integrity": "sha512-EPD5q1uXyFxJpCrLnCc1nHnq3gOa6DZBocAIiI2TaSCA7VCJ1UJDMagCzIkXNsUYfD1daK//LTEQ8xiIbrHtcw=="
    },
    "node_modules/which": {
      "version": "2.0.2",
      "resolved": "https://registry.npmjs.org/which/-/which-2.0.2.tgz",
      "integrity": "sha512-BLI3Tl1TW3Pvl70l3yq3Y64i+awpwXqsGBYWkkqMtnbXgrMD+yj7rhW0kuEDxzJaYXGjEW5ogapKNMEKNMjibA==",
      "dependencies": {
        "isexe": "^2.0.0"
      },
      "bin": {
        "node-which": "bin/node-which"
      },
      "engines": {
        "node": ">= 8"
      }
    },
    "node_modules/wrappy": {
      "version": "1.0.2",
      "resolved": "https://registry.npmjs.org/wrappy/-/wrappy-1.0.2.tgz",
      "integrity": "sha512-l4Sp/DRseor9wL6EvV2+TuQn63dMkPjZ/sp9XkghTEbV9KlPS1xUsZ3u7/IQO4wxtcFB4bgpQPRcR3QCvezPcQ=="
    },
    "node_modules/ws": {
      "version": "7.5.9",
      "resolved": "https://registry.npmjs.org/ws/-/ws-7.5.9.tgz",
      "integrity": "sha512-F+P9Jil7UiSKSkppIiD94dN07AwvFixvLIj1Og1Rl9GGMuNipJnV9JzjD6XuqmAeiswGvUmNLjr5cFuXwNS77Q==",
      "engines": {
        "node": ">=8.3.0"
      },
      "peerDependencies": {
        "bufferutil": "^4.0.1",
        "utf-8-validate": "^5.0.2"
      },
      "peerDependenciesMeta": {
        "bufferutil": {
          "optional": true
        },
        "utf-8-validate": {
          "optional": true
        }
      }
    },
    "node_modules/xtend": {
      "version": "4.0.2",
      "resolved": "https://registry.npmjs.org/xtend/-/xtend-4.0.2.tgz",
      "integrity": "sha512-LKYU1iAXJXUgAXn9URjiu+MWhyUXHsvfp7mcuYm9dSUKK0/CjtrUwFAxD82/mCWbtLsGjFIad0wIsod4zrTAEQ==",
      "engines": {
        "node": ">=0.4"
      }
    }
  },
  "dependencies": {
    "@deno/shim-crypto": {
      "version": "0.3.1",
      "resolved": "https://registry.npmjs.org/@deno/shim-crypto/-/shim-crypto-0.3.1.tgz",
      "integrity": "sha512-ed4pNnfur6UbASEgF34gVxR9p7Mc3qF+Ygbmjiil8ws5IhNFhPDFy5vE5hQAUA9JmVsSxXPcVLM5Rf8LOZqQ5Q=="
    },
    "@deno/shim-deno": {
      "version": "0.12.0",
      "resolved": "https://registry.npmjs.org/@deno/shim-deno/-/shim-deno-0.12.0.tgz",
      "integrity": "sha512-nD/Izdp4RfU35rip2Jx4lP1WOWY8qAvGLpB3wvjlwgut237/RS4PwhLdmYnxDBXdsjjWMx8sDxmdHWs35GF3yA==",
      "requires": {
        "@deno/shim-deno-test": "^0.4.0",
        "which": "^2.0.2"
      }
    },
    "@deno/shim-deno-test": {
      "version": "0.4.0",
      "resolved": "https://registry.npmjs.org/@deno/shim-deno-test/-/shim-deno-test-0.4.0.tgz",
      "integrity": "sha512-oYWcD7CpERZy/TXMTM9Tgh1HD/POHlbY9WpzmAk+5H8DohcxG415Qws8yLGlim3EaKBT2v3lJv01x4G0BosnaQ=="
    },
    "@jprochazk/twitch_irc": {
      "version": "0.11.2",
      "resolved": "https://registry.npmjs.org/@jprochazk/twitch_irc/-/twitch_irc-0.11.2.tgz",
      "integrity": "sha512-0SkOc2HO9X/7di53nen4G3FEPh8fRjDZmpQyvGJ5Pktrk2ucJ2xEM/LbSmsmHMiMqB3syDtMRcvPDbttC9NmnA==",
      "requires": {
        "@deno/shim-crypto": "~0.3.1",
        "@deno/shim-deno": "~0.12.0",
        "ws": "^8.12.0"
      },
      "dependencies": {
        "ws": {
          "version": "8.13.0",
          "resolved": "https://registry.npmjs.org/ws/-/ws-8.13.0.tgz",
          "integrity": "sha512-x9vcZYTrFPC7aSIbj7sRCYo7L/Xb8Iy+pW0ng0wt2vCJv7M9HOMy0UoN3rr+IFC7hb7vXoqS+P9ktyLLLhO+LA==",
          "requires": {}
        }
      }
    },
    "@kararty/dank-twitch-irc": {
      "version": "6.0.0",
      "resolved": "https://registry.npmjs.org/@kararty/dank-twitch-irc/-/dank-twitch-irc-6.0.0.tgz",
      "integrity": "sha512-sOsJzATZWnLxM3OX1dgkCqyVN4/lyOgJQ/e2E/9DsrxiIPwV6fX1eG5QsjOpkuyEYx3L4UkGvIPI1V7idkrQug==",
      "requires": {
        "debug-logger": "^0.4.1",
        "duplexify": "^4.1.2",
        "eventemitter3": "^4.0.7",
        "lodash.camelcase": "^4.3.0",
        "lodash.pickby": "^4.6.0",
        "make-error-cause": "^2.3.0",
        "ms": "^2.1.3",
        "randombytes": "^2.1.0",
        "semaphore-async-await": "^1.5.1",
        "simple-websocket": "^9.1.0",
        "split2": "^4.1.0"
      }
    },
    "benchmark": {
      "version": "2.1.4",
      "resolved": "https://registry.npmjs.org/benchmark/-/benchmark-2.1.4.tgz",
      "integrity": "sha512-l9MlfN4M1K/H2fbhfMy3B7vJd6AGKJVQn2h6Sg/Yx+KckoUA7ewS5Vv6TjSq18ooE1kS9hhAlQRH3AkXIh/aOQ==",
      "requires": {
        "lodash": "^4.17.4",
        "platform": "^1.3.3"
      }
    },
    "core-util-is": {
      "version": "1.0.3",
      "resolved": "https://registry.npmjs.org/core-util-is/-/core-util-is-1.0.3.tgz",
      "integrity": "sha512-ZQBvi1DcpJ4GDqanjucZ2Hj3wEO5pZDS89BWbkcrvdxksJorwUDDZamX9ldFkp9aw2lmBDLgkObEA4DWNJ9FYQ=="
    },
    "debug": {
      "version": "2.6.9",
      "resolved": "https://registry.npmjs.org/debug/-/debug-2.6.9.tgz",
      "integrity": "sha512-bC7ElrdJaJnPbAP+1EotYvqZsb3ecl5wi6Bfi6BJTUcNowp6cvspg0jXznRTKDjm/E7AdgFBVeAPVMNcKGsHMA==",
      "requires": {
        "ms": "2.0.0"
      },
      "dependencies": {
        "ms": {
          "version": "2.0.0",
          "resolved": "https://registry.npmjs.org/ms/-/ms-2.0.0.tgz",
          "integrity": "sha512-Tpp60P6IUJDTuOq/5Z8cdskzJujfwqfOTkrwIwj7IRISpnkJnT6SyJ4PCPnGMoFjC9ddhal5KVIYtAt97ix05A=="
        }
      }
    },
    "debug-logger": {
      "version": "0.4.1",
      "resolved": "https://registry.npmjs.org/debug-logger/-/debug-logger-0.4.1.tgz",
      "integrity": "sha512-bLX6pxuWO6KMXBRk6vpLgHqWXiuLbKp8kLL/wNEA4rgU8wsNLaw3UNz0NfOi1bcN0JwjFwSfxhldzU5Bc6P5RQ==",
      "requires": {
        "debug": "^2.1.0"
      }
    },
    "duplexify": {
      "version": "4.1.2",
      "resolved": "https://registry.npmjs.org/duplexify/-/duplexify-4.1.2.tgz",
      "integrity": "sha512-fz3OjcNCHmRP12MJoZMPglx8m4rrFP8rovnk4vT8Fs+aonZoCwGg10dSsQsfP/E62eZcPTMSMP6686fu9Qlqtw==",
      "requires": {
        "end-of-stream": "^1.4.1",
        "inherits": "^2.0.3",
        "readable-stream": "^3.1.1",
        "stream-shift": "^1.0.0"
      }
    },
    "end-of-stream": {
      "version": "1.4.4",
      "resolved": "https://registry.npmjs.org/end-of-stream/-/end-of-stream-1.4.4.tgz",
      "integrity": "sha512-+uw1inIHVPQoaVuHzRyXd21icM+cnt4CzD5rW+NC1wjOUSTOs+Te7FOv7AhN7vS9x/oIyhLP5PR1H+phQAHu5Q==",
      "requires": {
        "once": "^1.4.0"
      }
    },
    "eventemitter3": {
      "version": "4.0.7",
      "resolved": "https://registry.npmjs.org/eventemitter3/-/eventemitter3-4.0.7.tgz",
      "integrity": "sha512-8guHBZCwKnFhYdHr2ysuRWErTwhoN2X8XELRlrRwpmfeY2jjuUN4taQMsULKUVo1K4DvZl+0pgfyoysHxvmvEw=="
    },
    "inherits": {
      "version": "2.0.4",
      "resolved": "https://registry.npmjs.org/inherits/-/inherits-2.0.4.tgz",
      "integrity": "sha512-k/vGaX4/Yla3WzyMCvTQOXYeIHvqOKtnqBduzTHpzpQZzAskKMhZ2K+EnBiSM9zGSoIFeMpXKxa4dYeZIQqewQ=="
    },
    "irc-message": {
      "version": "3.0.2",
      "resolved": "https://registry.npmjs.org/irc-message/-/irc-message-3.0.2.tgz",
      "integrity": "sha512-kehPo7IjeVdXLnYOOHZrysRVGoACDhjby6tY7n6od8ULjAJ4Jzd/WbDpq79ISiJa0S2lZ5eGdkJfS0JH61BRtA==",
      "requires": {
        "irc-prefix-parser": "^1.0.1",
        "iso8601-convert": "^1.0.0",
        "through2": "^0.6.3"
      }
    },
    "irc-prefix-parser": {
      "version": "1.0.1",
      "resolved": "https://registry.npmjs.org/irc-prefix-parser/-/irc-prefix-parser-1.0.1.tgz",
      "integrity": "sha512-/mOO9bRzhb4NkPaPkJMcl/SH/Qmj0f0zO5b65cP/VZ78rIQlO823lyL031l7EQNGV5CnnEcIL9K3QY0ztLA71g=="
    },
    "isarray": {
      "version": "0.0.1",
      "resolved": "https://registry.npmjs.org/isarray/-/isarray-0.0.1.tgz",
      "integrity": "sha512-D2S+3GLxWH+uhrNEcoh/fnmYeP8E8/zHl644d/jdA0g2uyXvy3sb0qxotE+ne0LtccHknQzWwZEzhak7oJ0COQ=="
    },
    "isexe": {
      "version": "2.0.0",
      "resolved": "https://registry.npmjs.org/isexe/-/isexe-2.0.0.tgz",
      "integrity": "sha512-RHxMLp9lnKHGHRng9QFhRCMbYAcVpn69smSGcq3f36xjgVVWThj4qqLbTLlq7Ssj8B+fIQ1EuCEGI2lKsyQeIw=="
    },
    "iso8601-convert": {
      "version": "1.0.0",
      "resolved": "https://registry.npmjs.org/iso8601-convert/-/iso8601-convert-1.0.0.tgz",
      "integrity": "sha512-HqX6JniFkdMb6dIbtdy88TYGpfke8xwpMh+5SrauTB7ikUjvvoTZiyRMOHLL4KVKwIktLY1cdWTWoeZIa8qAcg=="
    },
    "lodash": {
      "version": "4.17.21",
      "resolved": "https://registry.npmjs.org/lodash/-/lodash-4.17.21.tgz",
      "integrity": "sha512-v2kDEe57lecTulaDIuNTPy3Ry4gLGJ6Z1O3vE1krgXZNrsQ+LFTGHVxVjcXPs17LhbZVGedAJv8XZ1tvj5FvSg=="
    },
    "lodash.camelcase": {
      "version": "4.3.0",
      "resolved": "https://registry.npmjs.org/lodash.camelcase/-/lodash.camelcase-4.3.0.tgz",
      "integrity": "sha512-TwuEnCnxbc3rAvhf/LbG7tJUDzhqXyFnv3dtzLOPgCG/hODL7WFnsbwktkD7yUV0RrreP/l1PALq/YSg6VvjlA=="
    },
    "lodash.pickby": {
      "version": "4.6.0",
      "resolved": "https://registry.npmjs.org/lodash.pickby/-/lodash.pickby-4.6.0.tgz",
      "integrity": "sha512-AZV+GsS/6ckvPOVQPXSiFFacKvKB4kOQu6ynt9wz0F3LO4R9Ij4K1ddYsIytDpSgLz88JHd9P+oaLeej5/Sl7Q=="
    },
    "make-error": {
      "version": "1.3.6",
      "resolved": "https://registry.npmjs.org/make-error/-/make-error-1.3.6.tgz",
      "integrity": "sha512-s8UhlNe7vPKomQhC1qFelMokr/Sc3AgNbso3n74mVPA5LTZwkB9NlXf4XPamLxJE8h0gh73rM94xvwRT2CVInw=="
    },
    "make-error-cause": {
      "version": "2.3.0",
      "resolved": "https://registry.npmjs.org/make-error-cause/-/make-error-cause-2.3.0.tgz",
      "integrity": "sha512-etgt+n4LlOkGSJbBTV9VROHA5R7ekIPS4vfh+bCAoJgRrJWdqJCBbpS3osRJ/HrT7R68MzMiY3L3sDJ/Fd8aBg==",
      "requires": {
        "make-error": "^1.3.5"
      }
    },
    "ms": {
      "version": "2.1.3",
      "resolved": "https://registry.npmjs.org/ms/-/ms-2.1.3.tgz",
      "integrity": "sha512-6FlzubTLZG3J2a/NVCAleEhjzq5oxgHyaCU9yYXvcLsvoVaHJq/s5xXI6/XXP6tz7R9xAOtHnSO/tXtF3WRTlA=="
    },
    "once": {
      "version": "1.4.0",
      "resolved": "https://registry.npmjs.org/once/-/once-1.4.0.tgz",
      "integrity": "sha512-lNaJgI+2Q5URQBkccEKHTQOPaXdUxnZZElQTZY0MFUAuaEqe1E+Nyvgdz/aIyNi6Z9MzO5dv1H8n58/GELp3+w==",
      "requires": {
        "wrappy": "1"
      }
    },
    "platform": {
      "version": "1.3.6",
      "resolved": "https://registry.npmjs.org/platform/-/platform-1.3.6.tgz",
      "integrity": "sha512-fnWVljUchTro6RiCFvCXBbNhJc2NijN7oIQxbwsyL0buWJPG85v81ehlHI9fXrJsMNgTofEoWIQeClKpgxFLrg=="
    },
    "queue-microtask": {
      "version": "1.2.3",
      "resolved": "https://registry.npmjs.org/queue-microtask/-/queue-microtask-1.2.3.tgz",
      "integrity": "sha512-NuaNSa6flKT5JaSYQzJok04JzTL1CA6aGhv5rfLW3PgqA+M2ChpZQnAC8h8i4ZFkBS8X5RqkDBHA7r4hej3K9A=="
    },
    "randombytes": {
      "version": "2.1.0",
      "resolved": "https://registry.npmjs.org/randombytes/-/randombytes-2.1.0.tgz",
      "integrity": "sha512-vYl3iOX+4CKUWuxGi9Ukhie6fsqXqS9FE2Zaic4tNFD2N2QQaXOMFbuKK4QmDHC0JO6B1Zp41J0LpT0oR68amQ==",
      "requires": {
        "safe-buffer": "^5.1.0"
      }
    },
    "readable-stream": {
      "version": "3.6.2",
      "resolved": "https://registry.npmjs.org/readable-stream/-/readable-stream-3.6.2.tgz",
      "integrity": "sha512-9u/sniCrY3D5WdsERHzHE4G2YCXqoG5FTHUiCC4SIbr6XcLZBY05ya9EKjYek9O5xOAwjGq+1JdGBAS7Q9ScoA==",
      "requires": {
        "inherits": "^2.0.3",
        "string_decoder": "^1.1.1",
        "util-deprecate": "^1.0.1"
      }
    },
    "safe-buffer": {
      "version": "5.2.1",
      "resolved": "https://registry.npmjs.org/safe-buffer/-/safe-buffer-5.2.1.tgz",
      "integrity": "sha512-rp3So07KcdmmKbGvgaNxQSJr7bGVSVk5S9Eq1F+ppbRo70+YeaDxkw5Dd8NPN+GD6bjnYm2VuPuCXmpuYvmCXQ=="
    },
    "semaphore-async-await": {
      "version": "1.5.1",
      "resolved": "https://registry.npmjs.org/semaphore-async-await/-/semaphore-async-await-1.5.1.tgz",
      "integrity": "sha512-b/ptP11hETwYWpeilHXXQiV5UJNJl7ZWWooKRE5eBIYWoom6dZ0SluCIdCtKycsMtZgKWE01/qAw6jblw1YVhg=="
    },
    "simple-websocket": {
      "version": "9.1.0",
      "resolved": "https://registry.npmjs.org/simple-websocket/-/simple-websocket-9.1.0.tgz",
      "integrity": "sha512-8MJPnjRN6A8UCp1I+H/dSFyjwJhp6wta4hsVRhjf8w9qBHRzxYt14RaOcjvQnhD1N4yKOddEjflwMnQM4VtXjQ==",
      "requires": {
        "debug": "^4.3.1",
        "queue-microtask": "^1.2.2",
        "randombytes": "^2.1.0",
        "readable-stream": "^3.6.0",
        "ws": "^7.4.2"
      },
      "dependencies": {
        "debug": {
          "version": "4.3.4",
          "resolved": "https://registry.npmjs.org/debug/-/debug-4.3.4.tgz",
          "integrity": "sha512-PRWFHuSU3eDtQJPvnNY7Jcket1j0t5OuOsFzPPzsekD52Zl8qUfFIPEiswXqIvHWGVHOgX+7G/vCNNhehwxfkQ==",
          "requires": {
            "ms": "2.1.2"
          }
        },
        "ms": {
          "version": "2.1.2",
          "resolved": "https://registry.npmjs.org/ms/-/ms-2.1.2.tgz",
          "integrity": "sha512-sGkPx+VjMtmA6MX27oA4FBFELFCZZ4S4XqeGOXCv68tT+jb3vk/RyaKWP0PTKyWtmLSM0b+adUTEvbs1PEaH2w=="
        }
      }
    },
    "split2": {
      "version": "4.2.0",
      "resolved": "https://registry.npmjs.org/split2/-/split2-4.2.0.tgz",
      "integrity": "sha512-UcjcJOWknrNkF6PLX83qcHM6KHgVKNkV62Y8a5uYDVv9ydGQVwAHMKqHdJje1VTWpljG0WYpCDhrCdAOYH4TWg=="
    },
    "stream-shift": {
      "version": "1.0.1",
      "resolved": "https://registry.npmjs.org/stream-shift/-/stream-shift-1.0.1.tgz",
      "integrity": "sha512-AiisoFqQ0vbGcZgQPY1cdP2I76glaVA/RauYR4G4thNFgkTqr90yXTo4LYX60Jl+sIlPNHHdGSwo01AvbKUSVQ=="
    },
    "string_decoder": {
      "version": "1.3.0",
      "resolved": "https://registry.npmjs.org/string_decoder/-/string_decoder-1.3.0.tgz",
      "integrity": "sha512-hkRX8U1WjJFd8LsDJ2yQ/wWWxaopEsABU1XfkM8A+j0+85JAGppt16cr1Whg6KIbb4okU6Mql6BOj+uup/wKeA==",
      "requires": {
        "safe-buffer": "~5.2.0"
      }
    },
    "through2": {
      "version": "0.6.5",
      "resolved": "https://registry.npmjs.org/through2/-/through2-0.6.5.tgz",
      "integrity": "sha512-RkK/CCESdTKQZHdmKICijdKKsCRVHs5KsLZ6pACAmF/1GPUQhonHSXWNERctxEp7RmvjdNbZTL5z9V7nSCXKcg==",
      "requires": {
        "readable-stream": ">=1.0.33-1 <1.1.0-0",
        "xtend": ">=4.0.0 <4.1.0-0"
      },
      "dependencies": {
        "readable-stream": {
          "version": "1.0.34",
          "resolved": "https://registry.npmjs.org/readable-stream/-/readable-stream-1.0.34.tgz",
          "integrity": "sha512-ok1qVCJuRkNmvebYikljxJA/UEsKwLl2nI1OmaqAu4/UE+h0wKCHok4XkL/gvi39OacXvw59RJUOFUkDib2rHg==",
          "requires": {
            "core-util-is": "~1.0.0",
            "inherits": "~2.0.1",
            "isarray": "0.0.1",
            "string_decoder": "~0.10.x"
          }
        },
        "string_decoder": {
          "version": "0.10.31",
          "resolved": "https://registry.npmjs.org/string_decoder/-/string_decoder-0.10.31.tgz",
          "integrity": "sha512-ev2QzSzWPYmy9GuqfIVildA4OdcGLeFZQrq5ys6RtiuF+RQQiZWr8TZNyAcuVXyQRYfEO+MsoB/1BuQVhOJuoQ=="
        }
      }
    },
    "util-deprecate": {
      "version": "1.0.2",
      "resolved": "https://registry.npmjs.org/util-deprecate/-/util-deprecate-1.0.2.tgz",
      "integrity": "sha512-EPD5q1uXyFxJpCrLnCc1nHnq3gOa6DZBocAIiI2TaSCA7VCJ1UJDMagCzIkXNsUYfD1daK//LTEQ8xiIbrHtcw=="
    },
    "which": {
      "version": "2.0.2",
      "resolved": "https://registry.npmjs.org/which/-/which-2.0.2.tgz",
      "integrity": "sha512-BLI3Tl1TW3Pvl70l3yq3Y64i+awpwXqsGBYWkkqMtnbXgrMD+yj7rhW0kuEDxzJaYXGjEW5ogapKNMEKNMjibA==",
      "requires": {
        "isexe": "^2.0.0"
      }
    },
    "wrappy": {
      "version": "1.0.2",
      "resolved": "https://registry.npmjs.org/wrappy/-/wrappy-1.0.2.tgz",
      "integrity": "sha512-l4Sp/DRseor9wL6EvV2+TuQn63dMkPjZ/sp9XkghTEbV9KlPS1xUsZ3u7/IQO4wxtcFB4bgpQPRcR3QCvezPcQ=="
    },
    "ws": {
      "version": "7.5.9",
      "resolved": "https://registry.npmjs.org/ws/-/ws-7.5.9.tgz",
      "integrity": "sha512-F+P9Jil7UiSKSkppIiD94dN07AwvFixvLIj1Og1Rl9GGMuNipJnV9JzjD6XuqmAeiswGvUmNLjr5cFuXwNS77Q==",
      "requires": {}
    },
    "xtend": {
      "version": "4.0.2",
      "resolved": "https://registry.npmjs.org/xtend/-/xtend-4.0.2.tgz",
      "integrity": "sha512-LKYU1iAXJXUgAXn9URjiu+MWhyUXHsvfp7mcuYm9dSUKK0/CjtrUwFAxD82/mCWbtLsGjFIad0wIsod4zrTAEQ=="
    }
  }
}
